{
  "pins" : [
    {
      "identity" : "swift-testing-expectation",
      "kind" : "remoteSourceControl",
      "location" : "https://github.com/dfed/swift-testing-expectation",
      "state" : {
        "revision" : "c6bb523fb3df92a1372a065b74744c5762cfeb10",
        "version" : "0.1.4"
      }
    }
  ],
  "version" : 2
}
